# THIS IS AN AUTOGENERATED FILE. DO NOT EDIT THIS FILE DIRECTLY.
# yarn lockfile v1


"@next/env@12.3.1-canary.2":
  version "12.3.1-canary.2"
  resolved "https://registry.yarnpkg.com/@next/env/-/env-12.3.1-canary.2.tgz#48cf4b89a3c82306a220b2c47fd06ed088df0223"
  integrity sha512-UcldE0+lRHcVU79fMiZPMPxPYcgMoRRuUqUjGbp/0O0DnsqB1fZTtehITnKgKsV0fjsml8eo/d+Q10gPAJcoGg==

"@next/swc-android-arm-eabi@12.3.1-canary.2":
  version "12.3.1-canary.2"
  resolved "https://registry.yarnpkg.com/@next/swc-android-arm-eabi/-/swc-android-arm-eabi-12.3.1-canary.2.tgz#a6fd75cddcdff5e19b64fa3c2ce319def5f1afb5"
  integrity sha512-riQozKu3yPW9bL5/8TbT2DBNv/stwhP7OhRa6QrfSwi3pdB7TNn4FoJ9LJb8+2isEn4YsjrfHyrZc8jL5O1NBA==

"@next/swc-android-arm64@12.3.1-canary.2":
  version "12.3.1-canary.2"
  resolved "https://registry.yarnpkg.com/@next/swc-android-arm64/-/swc-android-arm64-12.3.1-canary.2.tgz#01c51bc0a45d52e899cc141af8bc3145814f828b"
  integrity sha512-egwwMy6/nsRviXYfavqD6avgCaYQYTwYA7CSXdSc4GSxt5eGAhv0SEi1SpZDz2NlN72sp/k9YLoVmYoEgSAdZg==

"@next/swc-darwin-arm64@12.3.1-canary.2":
  version "12.3.1-canary.2"
  resolved "https://registry.yarnpkg.com/@next/swc-darwin-arm64/-/swc-darwin-arm64-12.3.1-canary.2.tgz#2fc475c0d0978a93bc0837b29e93663c32e16e63"
  integrity sha512-iecRiL/efYfWUCWibksmAJjQ7k5j0BNczltuPyd/d/wNzqy1O+YP2EASFZFN6dN5QfVxHU8o3E954GD3aekBrw==

"@next/swc-darwin-x64@12.3.1-canary.2":
  version "12.3.1-canary.2"
  resolved "https://registry.yarnpkg.com/@next/swc-darwin-x64/-/swc-darwin-x64-12.3.1-canary.2.tgz#a7f87e48ad1ae463be8781eede072cb49fe6cd27"
  integrity sha512-HwcxIwoNdEjlqNN/4Jd0/jxocy77djcFGrbkQcQdomDykaghms73leAMNmG1mdEjdPEJcCm1DjPIdL+ODHE39w==

"@next/swc-freebsd-x64@12.3.1-canary.2":
  version "12.3.1-canary.2"
  resolved "https://registry.yarnpkg.com/@next/swc-freebsd-x64/-/swc-freebsd-x64-12.3.1-canary.2.tgz#4158785d749462a536c1508d2598317e855a53d8"
  integrity sha512-I5dy9SHljuO783nLD88UnTdVtIq3E3Yi67nkasLBQ6m9GdHcsr7qLQs/1UHXuCYTbBsGMsRqGj8SYGIdSlf+4Q==

"@next/swc-linux-arm-gnueabihf@12.3.1-canary.2":
  version "12.3.1-canary.2"
  resolved "https://registry.yarnpkg.com/@next/swc-linux-arm-gnueabihf/-/swc-linux-arm-gnueabihf-12.3.1-canary.2.tgz#3c6c27aab03207757f942524e2de1a539e4f9737"
  integrity sha512-yp+bVnqrDdqysBQmLyhfiLSyfVuYFe7HH1/YwjOl/E4RMYjRqJUsloyMKTFZAWjJN8P1MY17/EKAjS4zyDeQbg==

"@next/swc-linux-arm64-gnu@12.3.1-canary.2":
  version "12.3.1-canary.2"
  resolved "https://registry.yarnpkg.com/@next/swc-linux-arm64-gnu/-/swc-linux-arm64-gnu-12.3.1-canary.2.tgz#1bda63427ef76a99eb4fc241931821b52a574861"
  integrity sha512-v7LwMOp9QUyIHF3T05cH0zMmro2LzGvzrch9LRH0c60F5RI9OGmMbsDmaP4E/q2eo+v9gUfvO7BsU2/gLU0ZNQ==

"@next/swc-linux-arm64-musl@12.3.1-canary.2":
  version "12.3.1-canary.2"
  resolved "https://registry.yarnpkg.com/@next/swc-linux-arm64-musl/-/swc-linux-arm64-musl-12.3.1-canary.2.tgz#be9635dcae77a859f5f410d29bdc233d150abbbf"
  integrity sha512-MrXngWKE/PIyK8OdTf8ozIHl58jY8jILzQl34Ab1LiMKNFgBoS3x1Ph49Bp0GJ2MVK6zThqPYUG9Hc6M5BPJ6w==

"@next/swc-linux-x64-gnu@12.3.1-canary.2":
  version "12.3.1-canary.2"
  resolved "https://registry.yarnpkg.com/@next/swc-linux-x64-gnu/-/swc-linux-x64-gnu-12.3.1-canary.2.tgz#9469b4b5f8659c0a644c9269378fd46bfcd2ed01"
  integrity sha512-/KjGt6WUN1Z/k8UTy2/5BGMeJaYd268p+OSTwIOnr2MK8PN6i99liWdzrg4WVfbtCMkreuM+Mvv6/nchuKkIcg==

"@next/swc-linux-x64-musl@12.3.1-canary.2":
  version "12.3.1-canary.2"
  resolved "https://registry.yarnpkg.com/@next/swc-linux-x64-musl/-/swc-linux-x64-musl-12.3.1-canary.2.tgz#0c4132ff7bddda4556d7c001816db1e0e61ed8c3"
  integrity sha512-hUndSjAkjpt3Uodafz0nOtYGiassq4J8yK/sbm03TKKDuq9ZbrXSfLumil95yTfO9MqpMdHVqLhCAradMn1Xlw==

"@next/swc-win32-arm64-msvc@12.3.1-canary.2":
  version "12.3.1-canary.2"
  resolved "https://registry.yarnpkg.com/@next/swc-win32-arm64-msvc/-/swc-win32-arm64-msvc-12.3.1-canary.2.tgz#34d9ae3dc3d6e0d62062d65f2b5146e8de7f151b"
  integrity sha512-A3HOSOUNYBrTds9x7whlqgViRatHjF48DgIX1hgO+9jqUlUv+/F+lScF9K6fzAyTdNAcW5kMTyGTIsWun3mIHQ==

"@next/swc-win32-ia32-msvc@12.3.1-canary.2":
  version "12.3.1-canary.2"
  resolved "https://registry.yarnpkg.com/@next/swc-win32-ia32-msvc/-/swc-win32-ia32-msvc-12.3.1-canary.2.tgz#6c79cc47f5ba8b6ff2d132c436a66753eb9e6f80"
  integrity sha512-wou+PKwSHYQB536Z2Qs/c3dU7At8y9mxpqzPensjaVqfP5p4mfjLQfMt1G+pmRzJ7RVKYr2jTKnwZJdSHTXkXQ==

"@next/swc-win32-x64-msvc@12.3.1-canary.2":
  version "12.3.1-canary.2"
  resolved "https://registry.yarnpkg.com/@next/swc-win32-x64-msvc/-/swc-win32-x64-msvc-12.3.1-canary.2.tgz#9d6f41cf42cbfe3536b373a001d5efd7074770ea"
  integrity sha512-2rX1hiaNbPy6yu64pNi/jXQQoEedV6YSm5NC3EWm5mbBLhQwX8WZ5DpGJmsRbi7VxMpLun1ijFbnZdxDGHde1A==

"@swc/helpers@0.4.11":
  version "0.4.11"
  resolved "https://registry.yarnpkg.com/@swc/helpers/-/helpers-0.4.11.tgz#db23a376761b3d31c26502122f349a21b592c8de"
  integrity sha512-rEUrBSGIoSFuYxwBYtlUFMlE2CwGhmW+w9355/5oduSw8e5h2+Tj4UrAGNNgP9915++wj5vkQo0UuOBqOAq4nw==
  dependencies:
    tslib "^2.4.0"

"@types/hoist-non-react-statics@^3.3.1":
  version "3.3.1"
  resolved "https://registry.yarnpkg.com/@types/hoist-non-react-statics/-/hoist-non-react-statics-3.3.1.tgz#1124aafe5118cb591977aeb1ceaaed1070eb039f"
  integrity sha512-iMIqiko6ooLrTh1joXodJK5X9xeEALT1kM5G3ZLhD3hszxBdIEd5C75U834D9mLcINgD4OyZf5uQXjkuYydWvA==
  dependencies:
    "@types/react" "*"
    hoist-non-react-statics "^3.3.0"

"@types/prop-types@*":
  version "15.7.5"
  resolved "https://registry.yarnpkg.com/@types/prop-types/-/prop-types-15.7.5.tgz#5f19d2b85a98e9558036f6a3cacc8819420f05cf"
  integrity sha512-JCB8C6SnDoQf0cNycqd/35A7MjcnK+ZTqE7judS6o7utxUCg6imJg3QK2qzHKszlTjcj2cn+NwMB2i96ubpj7w==

"@types/react@*":
  version "18.0.15"
  resolved "https://registry.yarnpkg.com/@types/react/-/react-18.0.15.tgz#d355644c26832dc27f3e6cbf0c4f4603fc4ab7fe"
  integrity sha512-iz3BtLuIYH1uWdsv6wXYdhozhqj20oD4/Hk2DNXIn1kFsmp9x8d9QB6FnPhfkbhd2PgEONt9Q1x/ebkwjfFLow==
  dependencies:
    "@types/prop-types" "*"
    "@types/scheduler" "*"
    csstype "^3.0.2"

"@types/scheduler@*":
  version "0.16.2"
  resolved "https://registry.yarnpkg.com/@types/scheduler/-/scheduler-0.16.2.tgz#1a62f89525723dde24ba1b01b092bf5df8ad4d39"
  integrity sha512-hppQEBDmlwhFAXKJX2KnWLYu5yMfi91yazPb2l+lbJiwW+wdo1gNeRA+3RgNSO39WYX2euey41KEwnqesU2Jew==

caniuse-lite@^1.0.30001332:
  version "1.0.30001374"
  resolved "https://registry.yarnpkg.com/caniuse-lite/-/caniuse-lite-1.0.30001374.tgz#3dab138e3f5485ba2e74bd13eca7fe1037ce6f57"
  integrity sha512-mWvzatRx3w+j5wx/mpFN5v5twlPrabG8NqX2c6e45LCpymdoGqNvRkRutFUqpRTXKFQFNQJasvK0YT7suW6/Hw==

copy-anything@^3.0.2:
  version "3.0.2"
  resolved "https://registry.yarnpkg.com/copy-anything/-/copy-anything-3.0.2.tgz#7189171ff5e1893b2287e8bf574b8cd448ed50b1"
  integrity sha512-CzATjGXzUQ0EvuvgOCI6A4BGOo2bcVx8B+eC2nF862iv9fopnPQwlrbACakNCHRIJbCSBj+J/9JeDf60k64MkA==
  dependencies:
    is-what "^4.1.6"

csstype@^3.0.2:
  version "3.1.0"
  resolved "https://registry.yarnpkg.com/csstype/-/csstype-3.1.0.tgz#4ddcac3718d787cf9df0d1b7d15033925c8f29f2"
  integrity sha512-uX1KG+x9h5hIJsaKR9xHUeUraxf8IODOwq9JLNPq6BwB04a/xgpq3rcx47l5BZu5zBPlgD342tdke3Hom/nJRA==

hoist-non-react-statics@^3.3.0, hoist-non-react-statics@^3.3.2:
  version "3.3.2"
  resolved "https://registry.yarnpkg.com/hoist-non-react-statics/-/hoist-non-react-statics-3.3.2.tgz#ece0acaf71d62c2969c2ec59feff42a4b1a85b45"
  integrity sha512-/gGivxi8JPKWNm/W0jSmzcMPpfpPLc3dY/6GxhX2hQ9iGj3aDfklV4ET7NjKpSinLpJ5vafa9iiGIEZg10SfBw==
  dependencies:
    react-is "^16.7.0"

is-what@^4.1.6:
  version "4.1.7"
  resolved "https://registry.yarnpkg.com/is-what/-/is-what-4.1.7.tgz#c41dc1d2d2d6a9285c624c2505f61849c8b1f9cc"
  integrity sha512-DBVOQNiPKnGMxRMLIYSwERAS5MVY1B7xYiGnpgctsOFvVDz9f9PFXXxMcTOHuoqYp4NK9qFYQaIC1NRRxLMpBQ==

nanoid@^3.3.4:
  version "3.3.4"
  resolved "https://registry.yarnpkg.com/nanoid/-/nanoid-3.3.4.tgz#730b67e3cd09e2deacf03c027c81c9d9dbc5e8ab"
  integrity sha512-MqBkQh/OHTS2egovRtLk45wEyNXwF+cokD+1YPf9u5VfJiRdAiRwB2froX5Co9Rh20xs4siNPm8naNotSD6RBw==

next@12.3.1-canary.2:
  version "12.3.1-canary.2"
  resolved "https://registry.yarnpkg.com/next/-/next-12.3.1-canary.2.tgz#945c1dbf87ad88893fac82d16a91d4509a006b68"
  integrity sha512-oyITDMxP9HSCbBaiKdYwX6Gsz90mpGpVF9Shr3hI5JhlMEffyI5/NJiQJMQkGpx1rc8bf35aMavSjjCbqQ+wxw==
  dependencies:
    "@next/env" "12.3.1-canary.2"
    "@swc/helpers" "0.4.11"
    caniuse-lite "^1.0.30001332"
    postcss "8.4.14"
    styled-jsx "5.0.7"
    use-sync-external-store "1.2.0"
  optionalDependencies:
    "@next/swc-android-arm-eabi" "12.3.1-canary.2"
    "@next/swc-android-arm64" "12.3.1-canary.2"
    "@next/swc-darwin-arm64" "12.3.1-canary.2"
    "@next/swc-darwin-x64" "12.3.1-canary.2"
    "@next/swc-freebsd-x64" "12.3.1-canary.2"
    "@next/swc-linux-arm-gnueabihf" "12.3.1-canary.2"
    "@next/swc-linux-arm64-gnu" "12.3.1-canary.2"
    "@next/swc-linux-arm64-musl" "12.3.1-canary.2"
    "@next/swc-linux-x64-gnu" "12.3.1-canary.2"
    "@next/swc-linux-x64-musl" "12.3.1-canary.2"
    "@next/swc-win32-arm64-msvc" "12.3.1-canary.2"
    "@next/swc-win32-ia32-msvc" "12.3.1-canary.2"
    "@next/swc-win32-x64-msvc" "12.3.1-canary.2"

picocolors@^1.0.0:
  version "1.0.0"
  resolved "https://registry.yarnpkg.com/picocolors/-/picocolors-1.0.0.tgz#cb5bdc74ff3f51892236eaf79d68bc44564ab81c"
  integrity sha512-1fygroTLlHu66zi26VoTDv8yRgm0Fccecssto+MhsZ0D/DGW2sm8E8AjW7NU5VVTRt5GxbeZ5qBuJr+HyLYkjQ==

postcss@8.4.14:
  version "8.4.14"
  resolved "https://registry.yarnpkg.com/postcss/-/postcss-8.4.14.tgz#ee9274d5622b4858c1007a74d76e42e56fd21caf"
  integrity sha512-E398TUmfAYFPBSdzgeieK2Y1+1cpdxJx8yXbK/m57nRhKSmk1GB2tO4lbLBtlkfPQTDKfe4Xqv1ASWPpayPEig==
  dependencies:
    nanoid "^3.3.4"
    picocolors "^1.0.0"
    source-map-js "^1.0.2"

react-is@^16.7.0:
  version "16.13.1"
  resolved "https://registry.yarnpkg.com/react-is/-/react-is-16.13.1.tgz#789729a4dc36de2999dc156dd6c1d9c18cea56a4"
  integrity sha512-24e6ynE2H+OKt4kqsOvNd8kBpV65zoxbA4BVsEOB3ARVWQki/DHzaUoC5KuON/BiccDaCCTZBuOcfZs70kR8bQ==

source-map-js@^1.0.2:
  version "1.0.2"
  resolved "https://registry.yarnpkg.com/source-map-js/-/source-map-js-1.0.2.tgz#adbc361d9c62df380125e7f161f71c826f1e490c"
  integrity sha512-R0XvVJ9WusLiqTCEiGCmICCMplcCkIwwR11mOSD9CR5u+IXYdiseeEuXCVAjS54zqwkLcPNnmU4OeJ6tUrWhDw==

styled-jsx@5.0.7:
  version "5.0.7"
  resolved "https://registry.yarnpkg.com/styled-jsx/-/styled-jsx-5.0.7.tgz#be44afc53771b983769ac654d355ca8d019dff48"
  integrity sha512-b3sUzamS086YLRuvnaDigdAewz1/EFYlHpYBP5mZovKEdQQOIIYq8lApylub3HHZ6xFjV051kkGU7cudJmrXEA==

superjson@^1:
  version "1.9.1"
  resolved "https://registry.yarnpkg.com/superjson/-/superjson-1.9.1.tgz#e23bd2e8cf0f4ade131d6d769754cac7eaa8ab34"
  integrity sha512-oT3HA2nPKlU1+5taFgz/HDy+GEaY+CWEbLzaRJVD4gZ7zMVVC4GDNFdgvAZt6/VuIk6D2R7RtPAiCHwmdzlMmg==
  dependencies:
    copy-anything "^3.0.2"

tslib@^2.4.0:
  version "2.4.0"
  resolved "https://registry.yarnpkg.com/tslib/-/tslib-2.4.0.tgz#7cecaa7f073ce680a05847aa77be941098f36dc3"
  integrity sha512-d6xOpEDfsi2CZVlPQzGeux8XMwLT9hssAsaPYExaQMuYskwb+x1x7J371tWlbBdWHroy99KnVB6qIkUbs5X3UQ==

typescript@^4.7.4:
  version "4.7.4"
  resolved "https://registry.yarnpkg.com/typescript/-/typescript-4.7.4.tgz#1a88596d1cf47d59507a1bcdfb5b9dfe4d488235"
  integrity sha512-C0WQT0gezHuw6AdY1M2jxUO83Rjf0HP7Sk1DtXj6j1EwkQNZrHAg2XPWlq62oqEhYvONq5pkC2Y9oPljWToLmQ==

use-sync-external-store@1.2.0:
  version "1.2.0"
  resolved "https://registry.yarnpkg.com/use-sync-external-store/-/use-sync-external-store-1.2.0.tgz#7dbefd6ef3fe4e767a0cf5d7287aacfb5846928a"
  integrity sha512-eEgnFxGQ1Ife9bzYs6VLi8/4X6CObHMw9Qr9tPY43iKwsPw8xE8+EFsf/2cFZ5S3esXgpWgtSCtLNS41F+sKPA==
